
Microsoft Visual Studio Solution File, Format Version 12.00
# Visual Studio Version 16
VisualStudioVersion = 16.0.31515.178
MinimumVisualStudioVersion = 10.0.40219.1
Project("{FAE04EC0-301F-11D3-BF4B-00C04F79EFBC}") = "While_Statement", "While_Statement\While_Statement.csproj", "{DE3FD253-BE4A-48B8-815B-2AC8EEB155FA}"
EndProject
Global
	GlobalSection(SolutionConfigurationPlatforms) = preSolution
		Debug|Any CPU = Debug|Any CPU
		Release|Any CPU = Release|Any CPU
	EndGlobalSection
	GlobalSection(ProjectConfigurationPlatforms) = postSolution
		{DE3FD253-BE4A-48B8-815B-2AC8EEB155FA}.Debug|Any CPU.ActiveCfg = Debug|Any CPU
		{DE3FD253-BE4A-48B8-815B-2AC8EEB155FA}.Debug|Any CPU.Build.0 = Debug|Any CPU
		{DE3FD253-BE4A-48B8-815B-2AC8EEB155FA}.Release|Any CPU.ActiveCfg = Release|Any CPU
		{DE3FD253-BE4A-48B8-815B-2AC8EEB155FA}.Release|Any CPU.Build.0 = Release|Any CPU
	EndGlobalSection
	GlobalSection(SolutionProperties) = preSolution
		HideSolutionNode = FALSE
	EndGlobalSection
	GlobalSection(ExtensibilityGlobals) = postSolution
		SolutionGuid = {E916348D-AB6B-41B8-928A-899B649664A5}
	EndGlobalSection
EndGlobal
